// !$*UTF8*$!
{
	archiveVersion = 1;
	classes = {
	};
	objectVersion = 52;
	objects = {

/* Begin PBXBuildFile section */
		A91CEC75248690C50092DA52 /* GoogleSignInDependencies.framework in Frameworks */ = {isa = PBXBuildFile; fileRef = A91CEC72248690C40092DA52 /* GoogleSignInDependencies.framework */; };
		A91CEC76248690C50092DA52 /* GoogleSignIn.framework in Frameworks */ = {isa = PBXBuildFile; fileRef = A91CEC73248690C40092DA52 /* GoogleSignIn.framework */; };
		A91CEC77248690C50092DA52 /* GoogleSignIn.bundle in Resources */ = {isa = PBXBuildFile; fileRef = A91CEC74248690C40092DA52 /* GoogleSignIn.bundle */; };
		A9BD9D7B24868131003260CE /* Swifter in Frameworks */ = {isa = PBXBuildFile; productRef = A9BD9D7A24868131003260CE /* Swifter */; };
		A9BD9D7E2486831D003260CE /* SwiftyInsta in Frameworks */ = {isa = PBXBuildFile; productRef = A9BD9D7D2486831D003260CE /* SwiftyInsta */; };
		A9CB4ABA24815816007AACBB /* AppDelegate.swift in Sources */ = {isa = PBXBuildFile; fileRef = A9CB4AB924815816007AACBB /* AppDelegate.swift */; };
		A9CB4ABC24815816007AACBB /* SceneDelegate.swift in Sources */ = {isa = PBXBuildFile; fileRef = A9CB4ABB24815816007AACBB /* SceneDelegate.swift */; };
		A9CB4AC62481581D007AACBB /* LaunchScreen.storyboard in Resources */ = {isa = PBXBuildFile; fileRef = A9CB4AC42481581D007AACBB /* LaunchScreen.storyboard */; };
		A9CB4AD12481581D007AACBB /* PlatDuJourTests.swift in Sources */ = {isa = PBXBuildFile; fileRef = A9CB4AD02481581D007AACBB /* PlatDuJourTests.swift */; };
		A9CB4ADC2481581D007AACBB /* PlatDuJourUITests.swift in Sources */ = {isa = PBXBuildFile; fileRef = A9CB4ADB2481581D007AACBB /* PlatDuJourUITests.swift */; };
		A9CB4AEB2481594F007AACBB /* Alamofire in Frameworks */ = {isa = PBXBuildFile; productRef = A9CB4AEA2481594F007AACBB /* Alamofire */; };
		A9CB4AEE24815980007AACBB /* AlamofireImage in Frameworks */ = {isa = PBXBuildFile; productRef = A9CB4AED24815980007AACBB /* AlamofireImage */; };
		A9CB4AF1248159A1007AACBB /* SnapKit in Frameworks */ = {isa = PBXBuildFile; productRef = A9CB4AF0248159A1007AACBB /* SnapKit */; };
		A9CB4AF4248159C2007AACBB /* SwiftyUserDefaults in Frameworks */ = {isa = PBXBuildFile; productRef = A9CB4AF3248159C2007AACBB /* SwiftyUserDefaults */; };
		A9CB4AF7248159EC007AACBB /* NSAttributedStringBuilder in Frameworks */ = {isa = PBXBuildFile; productRef = A9CB4AF6248159EC007AACBB /* NSAttributedStringBuilder */; };
		A9CB4AFA24815A99007AACBB /* PromiseKit in Frameworks */ = {isa = PBXBuildFile; productRef = A9CB4AF924815A99007AACBB /* PromiseKit */; };
		A9CB4AFD24815ABF007AACBB /* PaperOnboarding in Frameworks */ = {isa = PBXBuildFile; productRef = A9CB4AFC24815ABF007AACBB /* PaperOnboarding */; };
		A9CB4B0024815B5F007AACBB /* FacebookCore in Frameworks */ = {isa = PBXBuildFile; productRef = A9CB4AFF24815B5F007AACBB /* FacebookCore */; };
		A9CB4B0224815B5F007AACBB /* FacebookLogin in Frameworks */ = {isa = PBXBuildFile; productRef = A9CB4B0124815B5F007AACBB /* FacebookLogin */; };
		A9CB4B0424815B5F007AACBB /* FacebookShare in Frameworks */ = {isa = PBXBuildFile; productRef = A9CB4B0324815B5F007AACBB /* FacebookShare */; };
		A9CB4B0724815BE4007AACBB /* KeychainAccess in Frameworks */ = {isa = PBXBuildFile; productRef = A9CB4B0624815BE4007AACBB /* KeychainAccess */; };
		A9CB4B0A24815C13007AACBB /* IQKeyboardManagerSwift in Frameworks */ = {isa = PBXBuildFile; productRef = A9CB4B0924815C13007AACBB /* IQKeyboardManagerSwift */; };
		A9CB4B0D24815C44007AACBB /* TTGSnackbar in Frameworks */ = {isa = PBXBuildFile; productRef = A9CB4B0C24815C44007AACBB /* TTGSnackbar */; };
		A9CB4BA424818FE1007AACBB /* AppCoordinator.swift in Sources */ = {isa = PBXBuildFile; fileRef = A9CB4B9324818FE1007AACBB /* AppCoordinator.swift */; };
		A9CB4BA524818FE1007AACBB /* MainViewController.swift in Sources */ = {isa = PBXBuildFile; fileRef = A9CB4B9424818FE1007AACBB /* MainViewController.swift */; };
		A9CB4BA624818FE1007AACBB /* Main.storyboard in Resources */ = {isa = PBXBuildFile; fileRef = A9CB4B9524818FE1007AACBB /* Main.storyboard */; };
		A9CB4BA724818FE1007AACBB /* MainViewModel.swift in Sources */ = {isa = PBXBuildFile; fileRef = A9CB4B9724818FE1007AACBB /* MainViewModel.swift */; };
		A9CB4BAF24818FE1007AACBB /* LoginViewController.swift in Sources */ = {isa = PBXBuildFile; fileRef = A9CB4BA124818FE1007AACBB /* LoginViewController.swift */; };
		A9CB4BB024818FE1007AACBB /* OnboardingViewController.swift in Sources */ = {isa = PBXBuildFile; fileRef = A9CB4BA324818FE1007AACBB /* OnboardingViewController.swift */; };
		A9CB4BB924818FEE007AACBB /* shareImageData.png in Resources */ = {isa = PBXBuildFile; fileRef = A9CB4BB224818FED007AACBB /* shareImageData.png */; };
		A9CB4BBA24818FEE007AACBB /* Palette.swift in Sources */ = {isa = PBXBuildFile; fileRef = A9CB4BB324818FED007AACBB /* Palette.swift */; };
		A9CB4BBB24818FEE007AACBB /* Assets.xcassets in Resources */ = {isa = PBXBuildFile; fileRef = A9CB4BB424818FED007AACBB /* Assets.xcassets */; };
		A9CB4BBC24818FEE007AACBB /* GoogleService-Info.plist in Resources */ = {isa = PBXBuildFile; fileRef = A9CB4BB524818FED007AACBB /* GoogleService-Info.plist */; };
		A9CB4BBD24818FEE007AACBB /* Localizable.strings in Resources */ = {isa = PBXBuildFile; fileRef = A9CB4BB624818FED007AACBB /* Localizable.strings */; };
		A9CB4BBE24818FEE007AACBB /* Configuration.swift in Sources */ = {isa = PBXBuildFile; fileRef = A9CB4BB824818FED007AACBB /* Configuration.swift */; };
		A9CB4C5C2485814E007AACBB /* AVFoundation.framework in Frameworks */ = {isa = PBXBuildFile; fileRef = A9CB4C4F2485814C007AACBB /* AVFoundation.framework */; };
		A9CB4C5D2485814E007AACBB /* SystemConfiguration.framework in Frameworks */ = {isa = PBXBuildFile; fileRef = A9CB4C502485814C007AACBB /* SystemConfiguration.framework */; };
		A9CB4C5E2485814E007AACBB /* UIKit.framework in Frameworks */ = {isa = PBXBuildFile; fileRef = A9CB4C512485814C007AACBB /* UIKit.framework */; };
		A9CB4C5F2485814E007AACBB /* SafariServices.framework in Frameworks */ = {isa = PBXBuildFile; fileRef = A9CB4C522485814D007AACBB /* SafariServices.framework */; };
		A9CB4C602485814E007AACBB /* AudioToolbox.framework in Frameworks */ = {isa = PBXBuildFile; fileRef = A9CB4C532485814D007AACBB /* AudioToolbox.framework */; };
		A9CB4C612485814E007AACBB /* AuthenticationServices.framework in Frameworks */ = {isa = PBXBuildFile; fileRef = A9CB4C542485814D007AACBB /* AuthenticationServices.framework */; };
		A9CB4C622485814E007AACBB /* MessageUI.framework in Frameworks */ = {isa = PBXBuildFile; fileRef = A9CB4C552485814D007AACBB /* MessageUI.framework */; };
		A9CB4C632485814E007AACBB /* Messages.framework in Frameworks */ = {isa = PBXBuildFile; fileRef = A9CB4C562485814D007AACBB /* Messages.framework */; };
		A9CB4C642485814E007AACBB /* LinkPresentation.framework in Frameworks */ = {isa = PBXBuildFile; fileRef = A9CB4C572485814D007AACBB /* LinkPresentation.framework */; };
		A9CB4C652485814E007AACBB /* CoreGraphics.framework in Frameworks */ = {isa = PBXBuildFile; fileRef = A9CB4C582485814D007AACBB /* CoreGraphics.framework */; };
		A9CB4C662485814E007AACBB /* LocalAuthentication.framework in Frameworks */ = {isa = PBXBuildFile; fileRef = A9CB4C592485814D007AACBB /* LocalAuthentication.framework */; };
		A9CB4C672485814E007AACBB /* UserNotificationsUI.framework in Frameworks */ = {isa = PBXBuildFile; fileRef = A9CB4C5A2485814D007AACBB /* UserNotificationsUI.framework */; };
		A9CB4C682485814F007AACBB /* UserNotifications.framework in Frameworks */ = {isa = PBXBuildFile; fileRef = A9CB4C5B2485814E007AACBB /* UserNotifications.framework */; };
		A9CB4C6E24858254007AACBB /* WindowRouter.swift in Sources */ = {isa = PBXBuildFile; fileRef = A9CB4B2B24818FA9007AACBB /* WindowRouter.swift */; };
		A9CB4C6F24858254007AACBB /* Presentable.swift in Sources */ = {isa = PBXBuildFile; fileRef = A9CB4B2C24818FA9007AACBB /* Presentable.swift */; };
		A9CB4C7024858254007AACBB /* WindowCoordinator.swift in Sources */ = {isa = PBXBuildFile; fileRef = A9CB4B2D24818FA9007AACBB /* WindowCoordinator.swift */; };
		A9CB4C7124858254007AACBB /* Router.swift in Sources */ = {isa = PBXBuildFile; fileRef = A9CB4B2E24818FA9007AACBB /* Router.swift */; };
		A9CB4C7224858254007AACBB /* Coordinator.swift in Sources */ = {isa = PBXBuildFile; fileRef = A9CB4B2F24818FA9007AACBB /* Coordinator.swift */; };
		A9CB4C732485825B007AACBB /* UILabel+Ext.swift in Sources */ = {isa = PBXBuildFile; fileRef = A9CB4B3124818FA9007AACBB /* UILabel+Ext.swift */; };
		A9CB4C742485825B007AACBB /* UIFont+Extension.swift in Sources */ = {isa = PBXBuildFile; fileRef = A9CB4B3224818FA9007AACBB /* UIFont+Extension.swift */; };
		A9CB4C752485825B007AACBB /* StringExt.swift in Sources */ = {isa = PBXBuildFile; fileRef = A9CB4B3324818FA9007AACBB /* StringExt.swift */; };
		A9CB4C762485825B007AACBB /* Date+Ext.swift in Sources */ = {isa = PBXBuildFile; fileRef = A9CB4B3424818FA9007AACBB /* Date+Ext.swift */; };
		A9CB4C772485825B007AACBB /* UIViewControllerExt.swift in Sources */ = {isa = PBXBuildFile; fileRef = A9CB4B3524818FA9007AACBB /* UIViewControllerExt.swift */; };
		A9CB4C782485825B007AACBB /* UIButton+Ext.swift in Sources */ = {isa = PBXBuildFile; fileRef = A9CB4B3624818FA9007AACBB /* UIButton+Ext.swift */; };
		A9CB4C792485825B007AACBB /* UIColor+Ext.swift in Sources */ = {isa = PBXBuildFile; fileRef = A9CB4B3724818FA9007AACBB /* UIColor+Ext.swift */; };
		A9CB4C7A2485825B007AACBB /* CLLocation+Extensions.swift in Sources */ = {isa = PBXBuildFile; fileRef = A9CB4B3824818FA9007AACBB /* CLLocation+Extensions.swift */; };
		A9CB4C7B2485825B007AACBB /* Double+Extensions.swift in Sources */ = {isa = PBXBuildFile; fileRef = A9CB4B3924818FA9007AACBB /* Double+Extensions.swift */; };
		A9CB4C7C2485825B007AACBB /* UIView+Ext.swift in Sources */ = {isa = PBXBuildFile; fileRef = A9CB4B3A24818FA9007AACBB /* UIView+Ext.swift */; };
		A9CB4C7D2485825B007AACBB /* UIImageExt.swift in Sources */ = {isa = PBXBuildFile; fileRef = A9CB4B3B24818FA9007AACBB /* UIImageExt.swift */; };
		A9CB4C7E2485825B007AACBB /* UITableView+Extension.swift in Sources */ = {isa = PBXBuildFile; fileRef = A9CB4B3C24818FA9007AACBB /* UITableView+Extension.swift */; };
		A9CB4C7F24858271007AACBB /* Storage.swift in Sources */ = {isa = PBXBuildFile; fileRef = A9CB4B5124818FA9007AACBB /* Storage.swift */; };
		A9CB4C8024858271007AACBB /* DataManager.swift in Sources */ = {isa = PBXBuildFile; fileRef = A9CB4B5224818FA9007AACBB /* DataManager.swift */; };
		A9CB4C8124858271007AACBB /* SessionController.swift in Sources */ = {isa = PBXBuildFile; fileRef = A9CB4B5324818FA9007AACBB /* SessionController.swift */; };
		A9CB4C8224858271007AACBB /* UserData.swift in Sources */ = {isa = PBXBuildFile; fileRef = A9CB4B5424818FA9007AACBB /* UserData.swift */; };
		A9CB4C8324858271007AACBB /* MessageManager.swift in Sources */ = {isa = PBXBuildFile; fileRef = A9CB4B5524818FA9007AACBB /* MessageManager.swift */; };
		A9CB4C8424858276007AACBB /* CovidAppMetaData.swift in Sources */ = {isa = PBXBuildFile; fileRef = A9CB4B9024818FA9007AACBB /* CovidAppMetaData.swift */; };
		A9CB4C852485827A007AACBB /* TableViewModelable.swift in Sources */ = {isa = PBXBuildFile; fileRef = A9CB4B8D24818FA9007AACBB /* TableViewModelable.swift */; };
		A9CB4C862485827A007AACBB /* Result.swift in Sources */ = {isa = PBXBuildFile; fileRef = A9CB4B8E24818FA9007AACBB /* Result.swift */; };
		A9CB4C8724858280007AACBB /* HeaderView.xib in Resources */ = {isa = PBXBuildFile; fileRef = A9CB4B5B24818FA9007AACBB /* HeaderView.xib */; };
		A9CB4C8824858280007AACBB /* HeaderView.swift in Sources */ = {isa = PBXBuildFile; fileRef = A9CB4B5C24818FA9007AACBB /* HeaderView.swift */; };
		A9CB4C8924858280007AACBB /* DynamicHeightCollectionView.swift in Sources */ = {isa = PBXBuildFile; fileRef = A9CB4B5D24818FA9007AACBB /* DynamicHeightCollectionView.swift */; };
		A9CB4C8A24858280007AACBB /* ActionButton.swift in Sources */ = {isa = PBXBuildFile; fileRef = A9CB4B5E24818FA9007AACBB /* ActionButton.swift */; };
		A9CB4C8B24858280007AACBB /* ErrorTextField.swift in Sources */ = {isa = PBXBuildFile; fileRef = A9CB4B5F24818FA9007AACBB /* ErrorTextField.swift */; };
		A9CB4C8D24858298007AACBB /* CovidAppApi.swift in Sources */ = {isa = PBXBuildFile; fileRef = A9CB4B3F24818FA9007AACBB /* CovidAppApi.swift */; };
		A9CB4C8F24858298007AACBB /* Register.swift in Sources */ = {isa = PBXBuildFile; fileRef = A9CB4B4224818FA9007AACBB /* Register.swift */; };
		A9CB4C9024858298007AACBB /* User.swift in Sources */ = {isa = PBXBuildFile; fileRef = A9CB4B4324818FA9007AACBB /* User.swift */; };
		A9CB4C9124858298007AACBB /* Onboarding.swift in Sources */ = {isa = PBXBuildFile; fileRef = A9CB4B4424818FA9007AACBB /* Onboarding.swift */; };
		A9CB4C9224858298007AACBB /* API.swift in Sources */ = {isa = PBXBuildFile; fileRef = A9CB4B4524818FA9007AACBB /* API.swift */; };
		A9CB4C9324858298007AACBB /* RequestObject.swift in Sources */ = {isa = PBXBuildFile; fileRef = A9CB4B4624818FA9007AACBB /* RequestObject.swift */; };
		A9CB4C94248582A3007AACBB /* RegisterRoute.swift in Sources */ = {isa = PBXBuildFile; fileRef = A9CB4B4B24818FA9007AACBB /* RegisterRoute.swift */; };
		A9CB4CE024858363007AACBB /* SwiftDate in Frameworks */ = {isa = PBXBuildFile; productRef = A9CB4CDF24858363007AACBB /* SwiftDate */; };
		A9CB4CE324867ABC007AACBB /* BLTNBoard in Frameworks */ = {isa = PBXBuildFile; productRef = A9CB4CE224867ABC007AACBB /* BLTNBoard */; };
		A9CB4CE524867ABC007AACBB /* BLTNInterfaceBuilder in Frameworks */ = {isa = PBXBuildFile; productRef = A9CB4CE424867ABC007AACBB /* BLTNInterfaceBuilder */; };
		A9CB4CE724867ABC007AACBB /* BLTNModels in Frameworks */ = {isa = PBXBuildFile; productRef = A9CB4CE624867ABC007AACBB /* BLTNModels */; };
		A9CB4CEB24867BB4007AACBB /* AskEmailViewController.swift in Sources */ = {isa = PBXBuildFile; fileRef = A9CB4CE924867BB4007AACBB /* AskEmailViewController.swift */; };
		A9CB4CEC24867BB4007AACBB /* AskProfileViewController.swift in Sources */ = {isa = PBXBuildFile; fileRef = A9CB4CEA24867BB4007AACBB /* AskProfileViewController.swift */; };
/* End PBXBuildFile section */

/* Begin PBXContainerItemProxy section */
		A9CB4ACD2481581D007AACBB /* PBXContainerItemProxy */ = {
			isa = PBXContainerItemProxy;
			containerPortal = A9CB4AAE24815816007AACBB /* Project object */;
			proxyType = 1;
			remoteGlobalIDString = A9CB4AB524815816007AACBB;
			remoteInfo = PlatDuJour;
		};
		A9CB4AD82481581D007AACBB /* PBXContainerItemProxy */ = {
			isa = PBXContainerItemProxy;
			containerPortal = A9CB4AAE24815816007AACBB /* Project object */;
			proxyType = 1;
			remoteGlobalIDString = A9CB4AB524815816007AACBB;
			remoteInfo = PlatDuJour;
		};
/* End PBXContainerItemProxy section */

/* Begin PBXFileReference section */
		A91CEC7024868AFE0092DA52 /* PlatDuJour.entitlements */ = {isa = PBXFileReference; lastKnownFileType = text.plist.entitlements; path = PlatDuJour.entitlements; sourceTree = "<group>"; };
		A91CEC72248690C40092DA52 /* GoogleSignInDependencies.framework */ = {isa = PBXFileReference; lastKnownFileType = wrapper.framework; path = GoogleSignInDependencies.framework; sourceTree = "<group>"; };
		A91CEC73248690C40092DA52 /* GoogleSignIn.framework */ = {isa = PBXFileReference; lastKnownFileType = wrapper.framework; path = GoogleSignIn.framework; sourceTree = "<group>"; };
		A91CEC74248690C40092DA52 /* GoogleSignIn.bundle */ = {isa = PBXFileReference; lastKnownFileType = "wrapper.plug-in"; path = GoogleSignIn.bundle; sourceTree = "<group>"; };
		A9CB4AB624815816007AACBB /* PlatDuJour.app */ = {isa = PBXFileReference; explicitFileType = wrapper.application; includeInIndex = 0; path = PlatDuJour.app; sourceTree = BUILT_PRODUCTS_DIR; };
		A9CB4AB924815816007AACBB /* AppDelegate.swift */ = {isa = PBXFileReference; lastKnownFileType = sourcecode.swift; path = AppDelegate.swift; sourceTree = "<group>"; };
		A9CB4ABB24815816007AACBB /* SceneDelegate.swift */ = {isa = PBXFileReference; lastKnownFileType = sourcecode.swift; path = SceneDelegate.swift; sourceTree = "<group>"; };
		A9CB4AC52481581D007AACBB /* Base */ = {isa = PBXFileReference; lastKnownFileType = file.storyboard; name = Base; path = Base.lproj/LaunchScreen.storyboard; sourceTree = "<group>"; };
		A9CB4AC72481581D007AACBB /* Info.plist */ = {isa = PBXFileReference; lastKnownFileType = text.plist.xml; path = Info.plist; sourceTree = "<group>"; };
		A9CB4ACC2481581D007AACBB /* PlatDuJourTests.xctest */ = {isa = PBXFileReference; explicitFileType = wrapper.cfbundle; includeInIndex = 0; path = PlatDuJourTests.xctest; sourceTree = BUILT_PRODUCTS_DIR; };
		A9CB4AD02481581D007AACBB /* PlatDuJourTests.swift */ = {isa = PBXFileReference; lastKnownFileType = sourcecode.swift; path = PlatDuJourTests.swift; sourceTree = "<group>"; };
		A9CB4AD22481581D007AACBB /* Info.plist */ = {isa = PBXFileReference; lastKnownFileType = text.plist.xml; path = Info.plist; sourceTree = "<group>"; };
		A9CB4AD72481581D007AACBB /* PlatDuJourUITests.xctest */ = {isa = PBXFileReference; explicitFileType = wrapper.cfbundle; includeInIndex = 0; path = PlatDuJourUITests.xctest; sourceTree = BUILT_PRODUCTS_DIR; };
		A9CB4ADB2481581D007AACBB /* PlatDuJourUITests.swift */ = {isa = PBXFileReference; lastKnownFileType = sourcecode.swift; path = PlatDuJourUITests.swift; sourceTree = "<group>"; };
		A9CB4ADD2481581D007AACBB /* Info.plist */ = {isa = PBXFileReference; lastKnownFileType = text.plist.xml; path = Info.plist; sourceTree = "<group>"; };
		A9CB4B2B24818FA9007AACBB /* WindowRouter.swift */ = {isa = PBXFileReference; lastKnownFileType = sourcecode.swift; path = WindowRouter.swift; sourceTree = "<group>"; };
		A9CB4B2C24818FA9007AACBB /* Presentable.swift */ = {isa = PBXFileReference; lastKnownFileType = sourcecode.swift; path = Presentable.swift; sourceTree = "<group>"; };
		A9CB4B2D24818FA9007AACBB /* WindowCoordinator.swift */ = {isa = PBXFileReference; lastKnownFileType = sourcecode.swift; path = WindowCoordinator.swift; sourceTree = "<group>"; };
		A9CB4B2E24818FA9007AACBB /* Router.swift */ = {isa = PBXFileReference; lastKnownFileType = sourcecode.swift; path = Router.swift; sourceTree = "<group>"; };
		A9CB4B2F24818FA9007AACBB /* Coordinator.swift */ = {isa = PBXFileReference; lastKnownFileType = sourcecode.swift; path = Coordinator.swift; sourceTree = "<group>"; };
		A9CB4B3124818FA9007AACBB /* UILabel+Ext.swift */ = {isa = PBXFileReference; lastKnownFileType = sourcecode.swift; path = "UILabel+Ext.swift"; sourceTree = "<group>"; };
		A9CB4B3224818FA9007AACBB /* UIFont+Extension.swift */ = {isa = PBXFileReference; lastKnownFileType = sourcecode.swift; path = "UIFont+Extension.swift"; sourceTree = "<group>"; };
		A9CB4B3324818FA9007AACBB /* StringExt.swift */ = {isa = PBXFileReference; lastKnownFileType = sourcecode.swift; path = StringExt.swift; sourceTree = "<group>"; };
		A9CB4B3424818FA9007AACBB /* Date+Ext.swift */ = {isa = PBXFileReference; lastKnownFileType = sourcecode.swift; path = "Date+Ext.swift"; sourceTree = "<group>"; };
		A9CB4B3524818FA9007AACBB /* UIViewControllerExt.swift */ = {isa = PBXFileReference; lastKnownFileType = sourcecode.swift; path = UIViewControllerExt.swift; sourceTree = "<group>"; };
		A9CB4B3624818FA9007AACBB /* UIButton+Ext.swift */ = {isa = PBXFileReference; lastKnownFileType = sourcecode.swift; path = "UIButton+Ext.swift"; sourceTree = "<group>"; };
		A9CB4B3724818FA9007AACBB /* UIColor+Ext.swift */ = {isa = PBXFileReference; lastKnownFileType = sourcecode.swift; path = "UIColor+Ext.swift"; sourceTree = "<group>"; };
		A9CB4B3824818FA9007AACBB /* CLLocation+Extensions.swift */ = {isa = PBXFileReference; lastKnownFileType = sourcecode.swift; path = "CLLocation+Extensions.swift"; sourceTree = "<group>"; };
		A9CB4B3924818FA9007AACBB /* Double+Extensions.swift */ = {isa = PBXFileReference; lastKnownFileType = sourcecode.swift; path = "Double+Extensions.swift"; sourceTree = "<group>"; };
		A9CB4B3A24818FA9007AACBB /* UIView+Ext.swift */ = {isa = PBXFileReference; lastKnownFileType = sourcecode.swift; path = "UIView+Ext.swift"; sourceTree = "<group>"; };
		A9CB4B3B24818FA9007AACBB /* UIImageExt.swift */ = {isa = PBXFileReference; lastKnownFileType = sourcecode.swift; path = UIImageExt.swift; sourceTree = "<group>"; };
		A9CB4B3C24818FA9007AACBB /* UITableView+Extension.swift */ = {isa = PBXFileReference; lastKnownFileType = sourcecode.swift; path = "UITableView+Extension.swift"; sourceTree = "<group>"; };
		A9CB4B3F24818FA9007AACBB /* CovidAppApi.swift */ = {isa = PBXFileReference; lastKnownFileType = sourcecode.swift; path = CovidAppApi.swift; sourceTree = "<group>"; };
		A9CB4B4224818FA9007AACBB /* Register.swift */ = {isa = PBXFileReference; lastKnownFileType = sourcecode.swift; path = Register.swift; sourceTree = "<group>"; };
		A9CB4B4324818FA9007AACBB /* User.swift */ = {isa = PBXFileReference; lastKnownFileType = sourcecode.swift; path = User.swift; sourceTree = "<group>"; };
		A9CB4B4424818FA9007AACBB /* Onboarding.swift */ = {isa = PBXFileReference; lastKnownFileType = sourcecode.swift; path = Onboarding.swift; sourceTree = "<group>"; };
		A9CB4B4524818FA9007AACBB /* API.swift */ = {isa = PBXFileReference; lastKnownFileType = sourcecode.swift; path = API.swift; sourceTree = "<group>"; };
		A9CB4B4624818FA9007AACBB /* RequestObject.swift */ = {isa = PBXFileReference; lastKnownFileType = sourcecode.swift; path = RequestObject.swift; sourceTree = "<group>"; };
		A9CB4B4B24818FA9007AACBB /* RegisterRoute.swift */ = {isa = PBXFileReference; lastKnownFileType = sourcecode.swift; path = RegisterRoute.swift; sourceTree = "<group>"; };
		A9CB4B5124818FA9007AACBB /* Storage.swift */ = {isa = PBXFileReference; lastKnownFileType = sourcecode.swift; path = Storage.swift; sourceTree = "<group>"; };
		A9CB4B5224818FA9007AACBB /* DataManager.swift */ = {isa = PBXFileReference; lastKnownFileType = sourcecode.swift; path = DataManager.swift; sourceTree = "<group>"; };
		A9CB4B5324818FA9007AACBB /* SessionController.swift */ = {isa = PBXFileReference; lastKnownFileType = sourcecode.swift; path = SessionController.swift; sourceTree = "<group>"; };
		A9CB4B5424818FA9007AACBB /* UserData.swift */ = {isa = PBXFileReference; lastKnownFileType = sourcecode.swift; path = UserData.swift; sourceTree = "<group>"; };
		A9CB4B5524818FA9007AACBB /* MessageManager.swift */ = {isa = PBXFileReference; lastKnownFileType = sourcecode.swift; path = MessageManager.swift; sourceTree = "<group>"; };
		A9CB4B5B24818FA9007AACBB /* HeaderView.xib */ = {isa = PBXFileReference; lastKnownFileType = file.xib; path = HeaderView.xib; sourceTree = "<group>"; };
		A9CB4B5C24818FA9007AACBB /* HeaderView.swift */ = {isa = PBXFileReference; lastKnownFileType = sourcecode.swift; path = HeaderView.swift; sourceTree = "<group>"; };
		A9CB4B5D24818FA9007AACBB /* DynamicHeightCollectionView.swift */ = {isa = PBXFileReference; lastKnownFileType = sourcecode.swift; path = DynamicHeightCollectionView.swift; sourceTree = "<group>"; };
		A9CB4B5E24818FA9007AACBB /* ActionButton.swift */ = {isa = PBXFileReference; lastKnownFileType = sourcecode.swift; path = ActionButton.swift; sourceTree = "<group>"; };
		A9CB4B5F24818FA9007AACBB /* ErrorTextField.swift */ = {isa = PBXFileReference; lastKnownFileType = sourcecode.swift; path = ErrorTextField.swift; sourceTree = "<group>"; };
		A9CB4B8D24818FA9007AACBB /* TableViewModelable.swift */ = {isa = PBXFileReference; lastKnownFileType = sourcecode.swift; path = TableViewModelable.swift; sourceTree = "<group>"; };
		A9CB4B8E24818FA9007AACBB /* Result.swift */ = {isa = PBXFileReference; lastKnownFileType = sourcecode.swift; path = Result.swift; sourceTree = "<group>"; };
		A9CB4B9024818FA9007AACBB /* CovidAppMetaData.swift */ = {isa = PBXFileReference; lastKnownFileType = sourcecode.swift; path = CovidAppMetaData.swift; sourceTree = "<group>"; };
		A9CB4B9324818FE1007AACBB /* AppCoordinator.swift */ = {isa = PBXFileReference; fileEncoding = 4; lastKnownFileType = sourcecode.swift; path = AppCoordinator.swift; sourceTree = "<group>"; };
		A9CB4B9424818FE1007AACBB /* MainViewController.swift */ = {isa = PBXFileReference; fileEncoding = 4; lastKnownFileType = sourcecode.swift; path = MainViewController.swift; sourceTree = "<group>"; };
		A9CB4B9624818FE1007AACBB /* Base */ = {isa = PBXFileReference; lastKnownFileType = file.storyboard; name = Base; path = Base.lproj/Main.storyboard; sourceTree = "<group>"; };
		A9CB4B9724818FE1007AACBB /* MainViewModel.swift */ = {isa = PBXFileReference; fileEncoding = 4; lastKnownFileType = sourcecode.swift; path = MainViewModel.swift; sourceTree = "<group>"; };
		A9CB4BA124818FE1007AACBB /* LoginViewController.swift */ = {isa = PBXFileReference; fileEncoding = 4; lastKnownFileType = sourcecode.swift; path = LoginViewController.swift; sourceTree = "<group>"; };
		A9CB4BA324818FE1007AACBB /* OnboardingViewController.swift */ = {isa = PBXFileReference; fileEncoding = 4; lastKnownFileType = sourcecode.swift; path = OnboardingViewController.swift; sourceTree = "<group>"; };
		A9CB4BB224818FED007AACBB /* shareImageData.png */ = {isa = PBXFileReference; lastKnownFileType = image.png; path = shareImageData.png; sourceTree = "<group>"; };
		A9CB4BB324818FED007AACBB /* Palette.swift */ = {isa = PBXFileReference; fileEncoding = 4; lastKnownFileType = sourcecode.swift; path = Palette.swift; sourceTree = "<group>"; };
		A9CB4BB424818FED007AACBB /* Assets.xcassets */ = {isa = PBXFileReference; lastKnownFileType = folder.assetcatalog; path = Assets.xcassets; sourceTree = "<group>"; };
		A9CB4BB524818FED007AACBB /* GoogleService-Info.plist */ = {isa = PBXFileReference; fileEncoding = 4; lastKnownFileType = text.plist.xml; path = "GoogleService-Info.plist"; sourceTree = "<group>"; };
		A9CB4BB624818FED007AACBB /* Localizable.strings */ = {isa = PBXFileReference; fileEncoding = 4; lastKnownFileType = text.plist.strings; path = Localizable.strings; sourceTree = "<group>"; };
		A9CB4BB824818FED007AACBB /* Configuration.swift */ = {isa = PBXFileReference; fileEncoding = 4; lastKnownFileType = sourcecode.swift; path = Configuration.swift; sourceTree = "<group>"; };
		A9CB4C4F2485814C007AACBB /* AVFoundation.framework */ = {isa = PBXFileReference; lastKnownFileType = wrapper.framework; name = AVFoundation.framework; path = System/Library/Frameworks/AVFoundation.framework; sourceTree = SDKROOT; };
		A9CB4C502485814C007AACBB /* SystemConfiguration.framework */ = {isa = PBXFileReference; lastKnownFileType = wrapper.framework; name = SystemConfiguration.framework; path = System/Library/Frameworks/SystemConfiguration.framework; sourceTree = SDKROOT; };
		A9CB4C512485814C007AACBB /* UIKit.framework */ = {isa = PBXFileReference; lastKnownFileType = wrapper.framework; name = UIKit.framework; path = System/Library/Frameworks/UIKit.framework; sourceTree = SDKROOT; };
		A9CB4C522485814D007AACBB /* SafariServices.framework */ = {isa = PBXFileReference; lastKnownFileType = wrapper.framework; name = SafariServices.framework; path = System/Library/Frameworks/SafariServices.framework; sourceTree = SDKROOT; };
		A9CB4C532485814D007AACBB /* AudioToolbox.framework */ = {isa = PBXFileReference; lastKnownFileType = wrapper.framework; name = AudioToolbox.framework; path = System/Library/Frameworks/AudioToolbox.framework; sourceTree = SDKROOT; };
		A9CB4C542485814D007AACBB /* AuthenticationServices.framework */ = {isa = PBXFileReference; lastKnownFileType = wrapper.framework; name = AuthenticationServices.framework; path = System/Library/Frameworks/AuthenticationServices.framework; sourceTree = SDKROOT; };
		A9CB4C552485814D007AACBB /* MessageUI.framework */ = {isa = PBXFileReference; lastKnownFileType = wrapper.framework; name = MessageUI.framework; path = System/Library/Frameworks/MessageUI.framework; sourceTree = SDKROOT; };
		A9CB4C562485814D007AACBB /* Messages.framework */ = {isa = PBXFileReference; lastKnownFileType = wrapper.framework; name = Messages.framework; path = System/Library/Frameworks/Messages.framework; sourceTree = SDKROOT; };
		A9CB4C572485814D007AACBB /* LinkPresentation.framework */ = {isa = PBXFileReference; lastKnownFileType = wrapper.framework; name = LinkPresentation.framework; path = System/Library/Frameworks/LinkPresentation.framework; sourceTree = SDKROOT; };
		A9CB4C582485814D007AACBB /* CoreGraphics.framework */ = {isa = PBXFileReference; lastKnownFileType = wrapper.framework; name = CoreGraphics.framework; path = System/Library/Frameworks/CoreGraphics.framework; sourceTree = SDKROOT; };
		A9CB4C592485814D007AACBB /* LocalAuthentication.framework */ = {isa = PBXFileReference; lastKnownFileType = wrapper.framework; name = LocalAuthentication.framework; path = System/Library/Frameworks/LocalAuthentication.framework; sourceTree = SDKROOT; };
		A9CB4C5A2485814D007AACBB /* UserNotificationsUI.framework */ = {isa = PBXFileReference; lastKnownFileType = wrapper.framework; name = UserNotificationsUI.framework; path = System/Library/Frameworks/UserNotificationsUI.framework; sourceTree = SDKROOT; };
		A9CB4C5B2485814E007AACBB /* UserNotifications.framework */ = {isa = PBXFileReference; lastKnownFileType = wrapper.framework; name = UserNotifications.framework; path = System/Library/Frameworks/UserNotifications.framework; sourceTree = SDKROOT; };
		A9CB4CE924867BB4007AACBB /* AskEmailViewController.swift */ = {isa = PBXFileReference; fileEncoding = 4; lastKnownFileType = sourcecode.swift; path = AskEmailViewController.swift; sourceTree = "<group>"; };
		A9CB4CEA24867BB4007AACBB /* AskProfileViewController.swift */ = {isa = PBXFileReference; fileEncoding = 4; lastKnownFileType = sourcecode.swift; path = AskProfileViewController.swift; sourceTree = "<group>"; };
/* End PBXFileReference section */

/* Begin PBXFrameworksBuildPhase section */
		A9CB4AB324815816007AACBB /* Frameworks */ = {
			isa = PBXFrameworksBuildPhase;
			buildActionMask = 2147483647;
			files = (
				A9CB4AFD24815ABF007AACBB /* PaperOnboarding in Frameworks */,
				A9CB4C5E2485814E007AACBB /* UIKit.framework in Frameworks */,
				A9CB4C5D2485814E007AACBB /* SystemConfiguration.framework in Frameworks */,
				A9CB4AF7248159EC007AACBB /* NSAttributedStringBuilder in Frameworks */,
				A9BD9D7E2486831D003260CE /* SwiftyInsta in Frameworks */,
				A9CB4C662485814E007AACBB /* LocalAuthentication.framework in Frameworks */,
				A9CB4AFA24815A99007AACBB /* PromiseKit in Frameworks */,
				A9CB4C602485814E007AACBB /* AudioToolbox.framework in Frameworks */,
				A9CB4C622485814E007AACBB /* MessageUI.framework in Frameworks */,
				A9CB4B0D24815C44007AACBB /* TTGSnackbar in Frameworks */,
				A9CB4C642485814E007AACBB /* LinkPresentation.framework in Frameworks */,
				A9CB4AF1248159A1007AACBB /* SnapKit in Frameworks */,
				A9CB4B0724815BE4007AACBB /* KeychainAccess in Frameworks */,
				A9CB4C682485814F007AACBB /* UserNotifications.framework in Frameworks */,
				A9CB4B0A24815C13007AACBB /* IQKeyboardManagerSwift in Frameworks */,
				A91CEC75248690C50092DA52 /* GoogleSignInDependencies.framework in Frameworks */,
				A9CB4AEB2481594F007AACBB /* Alamofire in Frameworks */,
				A9CB4B0224815B5F007AACBB /* FacebookLogin in Frameworks */,
				A9CB4C672485814E007AACBB /* UserNotificationsUI.framework in Frameworks */,
				A91CEC76248690C50092DA52 /* GoogleSignIn.framework in Frameworks */,
				A9CB4CE324867ABC007AACBB /* BLTNBoard in Frameworks */,
				A9CB4C652485814E007AACBB /* CoreGraphics.framework in Frameworks */,
				A9CB4AEE24815980007AACBB /* AlamofireImage in Frameworks */,
				A9CB4C632485814E007AACBB /* Messages.framework in Frameworks */,
				A9CB4AF4248159C2007AACBB /* SwiftyUserDefaults in Frameworks */,
				A9CB4B0424815B5F007AACBB /* FacebookShare in Frameworks */,
				A9CB4C5C2485814E007AACBB /* AVFoundation.framework in Frameworks */,
				A9CB4C5F2485814E007AACBB /* SafariServices.framework in Frameworks */,
				A9BD9D7B24868131003260CE /* Swifter in Frameworks */,
				A9CB4CE024858363007AACBB /* SwiftDate in Frameworks */,
				A9CB4CE524867ABC007AACBB /* BLTNInterfaceBuilder in Frameworks */,
				A9CB4C612485814E007AACBB /* AuthenticationServices.framework in Frameworks */,
				A9CB4CE724867ABC007AACBB /* BLTNModels in Frameworks */,
				A9CB4B0024815B5F007AACBB /* FacebookCore in Frameworks */,
			);
			runOnlyForDeploymentPostprocessing = 0;
		};
		A9CB4AC92481581D007AACBB /* Frameworks */ = {
			isa = PBXFrameworksBuildPhase;
			buildActionMask = 2147483647;
			files = (
			);
			runOnlyForDeploymentPostprocessing = 0;
		};
		A9CB4AD42481581D007AACBB /* Frameworks */ = {
			isa = PBXFrameworksBuildPhase;
			buildActionMask = 2147483647;
			files = (
			);
			runOnlyForDeploymentPostprocessing = 0;
		};
/* End PBXFrameworksBuildPhase section */

/* Begin PBXGroup section */
		A9CB4AAD24815815007AACBB = {
			isa = PBXGroup;
			children = (
				A9CB4AB824815816007AACBB /* PlatDuJour */,
				A9CB4ACF2481581D007AACBB /* PlatDuJourTests */,
				A9CB4ADA2481581D007AACBB /* PlatDuJourUITests */,
				A9CB4AB724815816007AACBB /* Products */,
				A9CB4C4E2485814C007AACBB /* Frameworks */,
			);
			sourceTree = "<group>";
		};
		A9CB4AB724815816007AACBB /* Products */ = {
			isa = PBXGroup;
			children = (
				A9CB4AB624815816007AACBB /* PlatDuJour.app */,
				A9CB4ACC2481581D007AACBB /* PlatDuJourTests.xctest */,
				A9CB4AD72481581D007AACBB /* PlatDuJourUITests.xctest */,
			);
			name = Products;
			sourceTree = "<group>";
		};
		A9CB4AB824815816007AACBB /* PlatDuJour */ = {
			isa = PBXGroup;
			children = (
				A91CEC7024868AFE0092DA52 /* PlatDuJour.entitlements */,
				A9CB4BB124818FED007AACBB /* Configuration */,
				A9CB4B9124818FE1007AACBB /* Modules */,
				A9CB4B0E24818FA9007AACBB /* Utils */,
				A9CB4AB924815816007AACBB /* AppDelegate.swift */,
				A9CB4ABB24815816007AACBB /* SceneDelegate.swift */,
				A9CB4AC42481581D007AACBB /* LaunchScreen.storyboard */,
				A9CB4AC72481581D007AACBB /* Info.plist */,
			);
			path = PlatDuJour;
			sourceTree = "<group>";
		};
		A9CB4ACF2481581D007AACBB /* PlatDuJourTests */ = {
			isa = PBXGroup;
			children = (
				A9CB4AD02481581D007AACBB /* PlatDuJourTests.swift */,
				A9CB4AD22481581D007AACBB /* Info.plist */,
			);
			path = PlatDuJourTests;
			sourceTree = "<group>";
		};
		A9CB4ADA2481581D007AACBB /* PlatDuJourUITests */ = {
			isa = PBXGroup;
			children = (
				A9CB4ADB2481581D007AACBB /* PlatDuJourUITests.swift */,
				A9CB4ADD2481581D007AACBB /* Info.plist */,
			);
			path = PlatDuJourUITests;
			sourceTree = "<group>";
		};
		A9CB4B0E24818FA9007AACBB /* Utils */ = {
			isa = PBXGroup;
			children = (
				A9CB4B2A24818FA9007AACBB /* CoordinatorKit */,
				A9CB4B3024818FA9007AACBB /* Ext */,
				A9CB4B3D24818FA9007AACBB /* Network */,
				A9CB4B5024818FA9007AACBB /* Manager */,
				A9CB4B5624818FA9007AACBB /* GoogleSignIn */,
				A9CB4B5A24818FA9007AACBB /* Views */,
				A9CB4B8C24818FA9007AACBB /* Protocols */,
				A9CB4B8F24818FA9007AACBB /* Share */,
			);
			path = Utils;
			sourceTree = "<group>";
		};
		A9CB4B2A24818FA9007AACBB /* CoordinatorKit */ = {
			isa = PBXGroup;
			children = (
				A9CB4B2B24818FA9007AACBB /* WindowRouter.swift */,
				A9CB4B2C24818FA9007AACBB /* Presentable.swift */,
				A9CB4B2D24818FA9007AACBB /* WindowCoordinator.swift */,
				A9CB4B2E24818FA9007AACBB /* Router.swift */,
				A9CB4B2F24818FA9007AACBB /* Coordinator.swift */,
			);
			path = CoordinatorKit;
			sourceTree = "<group>";
		};
		A9CB4B3024818FA9007AACBB /* Ext */ = {
			isa = PBXGroup;
			children = (
				A9CB4B3124818FA9007AACBB /* UILabel+Ext.swift */,
				A9CB4B3224818FA9007AACBB /* UIFont+Extension.swift */,
				A9CB4B3324818FA9007AACBB /* StringExt.swift */,
				A9CB4B3424818FA9007AACBB /* Date+Ext.swift */,
				A9CB4B3524818FA9007AACBB /* UIViewControllerExt.swift */,
				A9CB4B3624818FA9007AACBB /* UIButton+Ext.swift */,
				A9CB4B3724818FA9007AACBB /* UIColor+Ext.swift */,
				A9CB4B3824818FA9007AACBB /* CLLocation+Extensions.swift */,
				A9CB4B3924818FA9007AACBB /* Double+Extensions.swift */,
				A9CB4B3A24818FA9007AACBB /* UIView+Ext.swift */,
				A9CB4B3B24818FA9007AACBB /* UIImageExt.swift */,
				A9CB4B3C24818FA9007AACBB /* UITableView+Extension.swift */,
			);
			path = Ext;
			sourceTree = "<group>";
		};
		A9CB4B3D24818FA9007AACBB /* Network */ = {
			isa = PBXGroup;
			children = (
				A9CB4B3E24818FA9007AACBB /* CovidApi */,
				A9CB4B4024818FA9007AACBB /* Models */,
				A9CB4B4524818FA9007AACBB /* API.swift */,
				A9CB4B4624818FA9007AACBB /* RequestObject.swift */,
				A9CB4B4724818FA9007AACBB /* Routes */,
			);
			path = Network;
			sourceTree = "<group>";
		};
		A9CB4B3E24818FA9007AACBB /* CovidApi */ = {
			isa = PBXGroup;
			children = (
				A9CB4B3F24818FA9007AACBB /* CovidAppApi.swift */,
			);
			path = CovidApi;
			sourceTree = "<group>";
		};
		A9CB4B4024818FA9007AACBB /* Models */ = {
			isa = PBXGroup;
			children = (
				A9CB4B4224818FA9007AACBB /* Register.swift */,
				A9CB4B4324818FA9007AACBB /* User.swift */,
				A9CB4B4424818FA9007AACBB /* Onboarding.swift */,
			);
			path = Models;
			sourceTree = "<group>";
		};
		A9CB4B4724818FA9007AACBB /* Routes */ = {
			isa = PBXGroup;
			children = (
				A9CB4B4A24818FA9007AACBB /* Auth */,
			);
			path = Routes;
			sourceTree = "<group>";
		};
		A9CB4B4A24818FA9007AACBB /* Auth */ = {
			isa = PBXGroup;
			children = (
				A9CB4B4B24818FA9007AACBB /* RegisterRoute.swift */,
			);
			path = Auth;
			sourceTree = "<group>";
		};
		A9CB4B5024818FA9007AACBB /* Manager */ = {
			isa = PBXGroup;
			children = (
				A9CB4B5124818FA9007AACBB /* Storage.swift */,
				A9CB4B5224818FA9007AACBB /* DataManager.swift */,
				A9CB4B5324818FA9007AACBB /* SessionController.swift */,
				A9CB4B5424818FA9007AACBB /* UserData.swift */,
				A9CB4B5524818FA9007AACBB /* MessageManager.swift */,
			);
			path = Manager;
			sourceTree = "<group>";
		};
		A9CB4B5624818FA9007AACBB /* GoogleSignIn */ = {
			isa = PBXGroup;
			children = (
				A91CEC74248690C40092DA52 /* GoogleSignIn.bundle */,
				A91CEC73248690C40092DA52 /* GoogleSignIn.framework */,
				A91CEC72248690C40092DA52 /* GoogleSignInDependencies.framework */,
			);
			path = GoogleSignIn;
			sourceTree = "<group>";
		};
		A9CB4B5A24818FA9007AACBB /* Views */ = {
			isa = PBXGroup;
			children = (
				A9CB4B5B24818FA9007AACBB /* HeaderView.xib */,
				A9CB4B5C24818FA9007AACBB /* HeaderView.swift */,
				A9CB4B5D24818FA9007AACBB /* DynamicHeightCollectionView.swift */,
				A9CB4B5E24818FA9007AACBB /* ActionButton.swift */,
				A9CB4B5F24818FA9007AACBB /* ErrorTextField.swift */,
			);
			path = Views;
			sourceTree = "<group>";
		};
		A9CB4B8C24818FA9007AACBB /* Protocols */ = {
			isa = PBXGroup;
			children = (
				A9CB4B8D24818FA9007AACBB /* TableViewModelable.swift */,
				A9CB4B8E24818FA9007AACBB /* Result.swift */,
			);
			path = Protocols;
			sourceTree = "<group>";
		};
		A9CB4B8F24818FA9007AACBB /* Share */ = {
			isa = PBXGroup;
			children = (
				A9CB4B9024818FA9007AACBB /* CovidAppMetaData.swift */,
			);
			path = Share;
			sourceTree = "<group>";
		};
		A9CB4B9124818FE1007AACBB /* Modules */ = {
			isa = PBXGroup;
			children = (
				A9CB4CE824867BB4007AACBB /* UserProfile */,
				A9CB4B9224818FE1007AACBB /* Main */,
				A9CB4BA024818FE1007AACBB /* Login */,
				A9CB4BA224818FE1007AACBB /* Onboarding */,
			);
			path = Modules;
			sourceTree = "<group>";
		};
		A9CB4B9224818FE1007AACBB /* Main */ = {
			isa = PBXGroup;
			children = (
				A9CB4B9324818FE1007AACBB /* AppCoordinator.swift */,
				A9CB4B9424818FE1007AACBB /* MainViewController.swift */,
				A9CB4B9524818FE1007AACBB /* Main.storyboard */,
				A9CB4B9724818FE1007AACBB /* MainViewModel.swift */,
				A9CB4B9824818FE1007AACBB /* Views */,
			);
			path = Main;
			sourceTree = "<group>";
		};
		A9CB4B9824818FE1007AACBB /* Views */ = {
			isa = PBXGroup;
			children = (
			);
			path = Views;
			sourceTree = "<group>";
		};
		A9CB4BA024818FE1007AACBB /* Login */ = {
			isa = PBXGroup;
			children = (
				A9CB4BA124818FE1007AACBB /* LoginViewController.swift */,
			);
			path = Login;
			sourceTree = "<group>";
		};
		A9CB4BA224818FE1007AACBB /* Onboarding */ = {
			isa = PBXGroup;
			children = (
				A9CB4BA324818FE1007AACBB /* OnboardingViewController.swift */,
			);
			path = Onboarding;
			sourceTree = "<group>";
		};
		A9CB4BB124818FED007AACBB /* Configuration */ = {
			isa = PBXGroup;
			children = (
				A9CB4BB224818FED007AACBB /* shareImageData.png */,
				A9CB4BB324818FED007AACBB /* Palette.swift */,
				A9CB4BB424818FED007AACBB /* Assets.xcassets */,
				A9CB4BB524818FED007AACBB /* GoogleService-Info.plist */,
				A9CB4BB624818FED007AACBB /* Localizable.strings */,
				A9CB4BB824818FED007AACBB /* Configuration.swift */,
			);
			path = Configuration;
			sourceTree = "<group>";
		};
		A9CB4C4E2485814C007AACBB /* Frameworks */ = {
			isa = PBXGroup;
			children = (
				A9CB4C532485814D007AACBB /* AudioToolbox.framework */,
				A9CB4C542485814D007AACBB /* AuthenticationServices.framework */,
				A9CB4C4F2485814C007AACBB /* AVFoundation.framework */,
				A9CB4C582485814D007AACBB /* CoreGraphics.framework */,
				A9CB4C572485814D007AACBB /* LinkPresentation.framework */,
				A9CB4C592485814D007AACBB /* LocalAuthentication.framework */,
				A9CB4C562485814D007AACBB /* Messages.framework */,
				A9CB4C552485814D007AACBB /* MessageUI.framework */,
				A9CB4C522485814D007AACBB /* SafariServices.framework */,
				A9CB4C502485814C007AACBB /* SystemConfiguration.framework */,
				A9CB4C512485814C007AACBB /* UIKit.framework */,
				A9CB4C5B2485814E007AACBB /* UserNotifications.framework */,
				A9CB4C5A2485814D007AACBB /* UserNotificationsUI.framework */,
			);
			name = Frameworks;
			sourceTree = "<group>";
		};
		A9CB4CE824867BB4007AACBB /* UserProfile */ = {
			isa = PBXGroup;
			children = (
				A9CB4CE924867BB4007AACBB /* AskEmailViewController.swift */,
				A9CB4CEA24867BB4007AACBB /* AskProfileViewController.swift */,
			);
			path = UserProfile;
			sourceTree = "<group>";
		};
/* End PBXGroup section */

/* Begin PBXNativeTarget section */
		A9CB4AB524815816007AACBB /* PlatDuJour */ = {
			isa = PBXNativeTarget;
			buildConfigurationList = A9CB4AE02481581D007AACBB /* Build configuration list for PBXNativeTarget "PlatDuJour" */;
			buildPhases = (
				A9CB4AB224815816007AACBB /* Sources */,
				A9CB4AB324815816007AACBB /* Frameworks */,
				A9CB4AB424815816007AACBB /* Resources */,
			);
			buildRules = (
			);
			dependencies = (
			);
			name = PlatDuJour;
			packageProductDependencies = (
				A9CB4AEA2481594F007AACBB /* Alamofire */,
				A9CB4AED24815980007AACBB /* AlamofireImage */,
				A9CB4AF0248159A1007AACBB /* SnapKit */,
				A9CB4AF3248159C2007AACBB /* SwiftyUserDefaults */,
				A9CB4AF6248159EC007AACBB /* NSAttributedStringBuilder */,
				A9CB4AF924815A99007AACBB /* PromiseKit */,
				A9CB4AFC24815ABF007AACBB /* PaperOnboarding */,
				A9CB4AFF24815B5F007AACBB /* FacebookCore */,
				A9CB4B0124815B5F007AACBB /* FacebookLogin */,
				A9CB4B0324815B5F007AACBB /* FacebookShare */,
				A9CB4B0624815BE4007AACBB /* KeychainAccess */,
				A9CB4B0924815C13007AACBB /* IQKeyboardManagerSwift */,
				A9CB4B0C24815C44007AACBB /* TTGSnackbar */,
				A9CB4CDF24858363007AACBB /* SwiftDate */,
				A9CB4CE224867ABC007AACBB /* BLTNBoard */,
				A9CB4CE424867ABC007AACBB /* BLTNInterfaceBuilder */,
				A9CB4CE624867ABC007AACBB /* BLTNModels */,
				A9BD9D7A24868131003260CE /* Swifter */,
				A9BD9D7D2486831D003260CE /* SwiftyInsta */,
			);
			productName = PlatDuJour;
			productReference = A9CB4AB624815816007AACBB /* PlatDuJour.app */;
			productType = "com.apple.product-type.application";
		};
		A9CB4ACB2481581D007AACBB /* PlatDuJourTests */ = {
			isa = PBXNativeTarget;
			buildConfigurationList = A9CB4AE32481581D007AACBB /* Build configuration list for PBXNativeTarget "PlatDuJourTests" */;
			buildPhases = (
				A9CB4AC82481581D007AACBB /* Sources */,
				A9CB4AC92481581D007AACBB /* Frameworks */,
				A9CB4ACA2481581D007AACBB /* Resources */,
			);
			buildRules = (
			);
			dependencies = (
				A9CB4ACE2481581D007AACBB /* PBXTargetDependency */,
			);
			name = PlatDuJourTests;
			productName = PlatDuJourTests;
			productReference = A9CB4ACC2481581D007AACBB /* PlatDuJourTests.xctest */;
			productType = "com.apple.product-type.bundle.unit-test";
		};
		A9CB4AD62481581D007AACBB /* PlatDuJourUITests */ = {
			isa = PBXNativeTarget;
			buildConfigurationList = A9CB4AE62481581D007AACBB /* Build configuration list for PBXNativeTarget "PlatDuJourUITests" */;
			buildPhases = (
				A9CB4AD32481581D007AACBB /* Sources */,
				A9CB4AD42481581D007AACBB /* Frameworks */,
				A9CB4AD52481581D007AACBB /* Resources */,
			);
			buildRules = (
			);
			dependencies = (
				A9CB4AD92481581D007AACBB /* PBXTargetDependency */,
			);
			name = PlatDuJourUITests;
			productName = PlatDuJourUITests;
			productReference = A9CB4AD72481581D007AACBB /* PlatDuJourUITests.xctest */;
			productType = "com.apple.product-type.bundle.ui-testing";
		};
/* End PBXNativeTarget section */

/* Begin PBXProject section */
		A9CB4AAE24815816007AACBB /* Project object */ = {
			isa = PBXProject;
			attributes = {
				LastSwiftUpdateCheck = 1150;
				LastUpgradeCheck = 1150;
				ORGANIZATIONNAME = GG;
				TargetAttributes = {
					A9CB4AB524815816007AACBB = {
						CreatedOnToolsVersion = 11.5;
					};
					A9CB4ACB2481581D007AACBB = {
						CreatedOnToolsVersion = 11.5;
						TestTargetID = A9CB4AB524815816007AACBB;
					};
					A9CB4AD62481581D007AACBB = {
						CreatedOnToolsVersion = 11.5;
						TestTargetID = A9CB4AB524815816007AACBB;
					};
				};
			};
			buildConfigurationList = A9CB4AB124815816007AACBB /* Build configuration list for PBXProject "PlatDuJour" */;
			compatibilityVersion = "Xcode 9.3";
			developmentRegion = en;
			hasScannedForEncodings = 0;
			knownRegions = (
				en,
				Base,
			);
			mainGroup = A9CB4AAD24815815007AACBB;
			packageReferences = (
				A9CB4AE92481594F007AACBB /* XCRemoteSwiftPackageReference "Alamofire" */,
				A9CB4AEC24815980007AACBB /* XCRemoteSwiftPackageReference "AlamofireImage" */,
				A9CB4AEF248159A1007AACBB /* XCRemoteSwiftPackageReference "SnapKit" */,
				A9CB4AF2248159C2007AACBB /* XCRemoteSwiftPackageReference "SwiftyUserDefaults" */,
				A9CB4AF5248159EC007AACBB /* XCRemoteSwiftPackageReference "NSAttributedStringBuilder" */,
				A9CB4AF824815A99007AACBB /* XCRemoteSwiftPackageReference "PromiseKit" */,
				A9CB4AFB24815ABF007AACBB /* XCRemoteSwiftPackageReference "paper-onboarding" */,
				A9CB4AFE24815B5F007AACBB /* XCRemoteSwiftPackageReference "facebook-ios-sdk" */,
				A9CB4B0524815BE4007AACBB /* XCRemoteSwiftPackageReference "KeychainAccess" */,
				A9CB4B0824815C13007AACBB /* XCRemoteSwiftPackageReference "IQKeyboardManager" */,
				A9CB4B0B24815C44007AACBB /* XCRemoteSwiftPackageReference "TTGSnackbar" */,
				A9CB4CDE24858363007AACBB /* XCRemoteSwiftPackageReference "SwiftDate" */,
				A9CB4CE124867ABC007AACBB /* XCRemoteSwiftPackageReference "BulletinBoard" */,
				A9BD9D7924868131003260CE /* XCRemoteSwiftPackageReference "Swifter" */,
				A9BD9D7C2486831D003260CE /* XCRemoteSwiftPackageReference "SwiftyInsta" */,
			);
			productRefGroup = A9CB4AB724815816007AACBB /* Products */;
			projectDirPath = "";
			projectRoot = "";
			targets = (
				A9CB4AB524815816007AACBB /* PlatDuJour */,
				A9CB4ACB2481581D007AACBB /* PlatDuJourTests */,
				A9CB4AD62481581D007AACBB /* PlatDuJourUITests */,
			);
		};
/* End PBXProject section */

/* Begin PBXResourcesBuildPhase section */
		A9CB4AB424815816007AACBB /* Resources */ = {
			isa = PBXResourcesBuildPhase;
			buildActionMask = 2147483647;
			files = (
				A91CEC77248690C50092DA52 /* GoogleSignIn.bundle in Resources */,
				A9CB4AC62481581D007AACBB /* LaunchScreen.storyboard in Resources */,
				A9CB4C8724858280007AACBB /* HeaderView.xib in Resources */,
				A9CB4BBD24818FEE007AACBB /* Localizable.strings in Resources */,
				A9CB4BB924818FEE007AACBB /* shareImageData.png in Resources */,
				A9CB4BA624818FE1007AACBB /* Main.storyboard in Resources */,
				A9CB4BBC24818FEE007AACBB /* GoogleService-Info.plist in Resources */,
				A9CB4BBB24818FEE007AACBB /* Assets.xcassets in Resources */,
			);
			runOnlyForDeploymentPostprocessing = 0;
		};
		A9CB4ACA2481581D007AACBB /* Resources */ = {
			isa = PBXResourcesBuildPhase;
			buildActionMask = 2147483647;
			files = (
			);
			runOnlyForDeploymentPostprocessing = 0;
		};
		A9CB4AD52481581D007AACBB /* Resources */ = {
			isa = PBXResourcesBuildPhase;
			buildActionMask = 2147483647;
			files = (
			);
			runOnlyForDeploymentPostprocessing = 0;
		};
/* End PBXResourcesBuildPhase section */

/* Begin PBXSourcesBuildPhase section */
		A9CB4AB224815816007AACBB /* Sources */ = {
			isa = PBXSourcesBuildPhase;
			buildActionMask = 2147483647;
			files = (
				A9CB4C7124858254007AACBB /* Router.swift in Sources */,
				A9CB4C8924858280007AACBB /* DynamicHeightCollectionView.swift in Sources */,
				A9CB4C752485825B007AACBB /* StringExt.swift in Sources */,
				A9CB4BA424818FE1007AACBB /* AppCoordinator.swift in Sources */,
				A9CB4C7E2485825B007AACBB /* UITableView+Extension.swift in Sources */,
				A9CB4C7A2485825B007AACBB /* CLLocation+Extensions.swift in Sources */,
				A9CB4C742485825B007AACBB /* UIFont+Extension.swift in Sources */,
				A9CB4CEB24867BB4007AACBB /* AskEmailViewController.swift in Sources */,
				A9CB4C9124858298007AACBB /* Onboarding.swift in Sources */,
				A9CB4C7D2485825B007AACBB /* UIImageExt.swift in Sources */,
				A9CB4C8424858276007AACBB /* CovidAppMetaData.swift in Sources */,
				A9CB4C8024858271007AACBB /* DataManager.swift in Sources */,
				A9CB4BBE24818FEE007AACBB /* Configuration.swift in Sources */,
				A9CB4C772485825B007AACBB /* UIViewControllerExt.swift in Sources */,
				A9CB4C8224858271007AACBB /* UserData.swift in Sources */,
				A9CB4C7224858254007AACBB /* Coordinator.swift in Sources */,
				A9CB4ABA24815816007AACBB /* AppDelegate.swift in Sources */,
				A9CB4C8F24858298007AACBB /* Register.swift in Sources */,
				A9CB4ABC24815816007AACBB /* SceneDelegate.swift in Sources */,
				A9CB4C7024858254007AACBB /* WindowCoordinator.swift in Sources */,
				A9CB4C762485825B007AACBB /* Date+Ext.swift in Sources */,
				A9CB4BBA24818FEE007AACBB /* Palette.swift in Sources */,
				A9CB4C6F24858254007AACBB /* Presentable.swift in Sources */,
				A9CB4C7F24858271007AACBB /* Storage.swift in Sources */,
				A9CB4BA524818FE1007AACBB /* MainViewController.swift in Sources */,
				A9CB4C852485827A007AACBB /* TableViewModelable.swift in Sources */,
				A9CB4C792485825B007AACBB /* UIColor+Ext.swift in Sources */,
				A9CB4C782485825B007AACBB /* UIButton+Ext.swift in Sources */,
				A9CB4C9024858298007AACBB /* User.swift in Sources */,
				A9CB4C8124858271007AACBB /* SessionController.swift in Sources */,
				A9CB4C7B2485825B007AACBB /* Double+Extensions.swift in Sources */,
				A9CB4C6E24858254007AACBB /* WindowRouter.swift in Sources */,
				A9CB4CEC24867BB4007AACBB /* AskProfileViewController.swift in Sources */,
				A9CB4BB024818FE1007AACBB /* OnboardingViewController.swift in Sources */,
				A9CB4C9324858298007AACBB /* RequestObject.swift in Sources */,
				A9CB4C8A24858280007AACBB /* ActionButton.swift in Sources */,
				A9CB4C94248582A3007AACBB /* RegisterRoute.swift in Sources */,
				A9CB4C8D24858298007AACBB /* CovidAppApi.swift in Sources */,
				A9CB4C862485827A007AACBB /* Result.swift in Sources */,
				A9CB4C8824858280007AACBB /* HeaderView.swift in Sources */,
				A9CB4C8B24858280007AACBB /* ErrorTextField.swift in Sources */,
				A9CB4C7C2485825B007AACBB /* UIView+Ext.swift in Sources */,
				A9CB4BA724818FE1007AACBB /* MainViewModel.swift in Sources */,
				A9CB4BAF24818FE1007AACBB /* LoginViewController.swift in Sources */,
				A9CB4C732485825B007AACBB /* UILabel+Ext.swift in Sources */,
				A9CB4C9224858298007AACBB /* API.swift in Sources */,
				A9CB4C8324858271007AACBB /* MessageManager.swift in Sources */,
			);
			runOnlyForDeploymentPostprocessing = 0;
		};
		A9CB4AC82481581D007AACBB /* Sources */ = {
			isa = PBXSourcesBuildPhase;
			buildActionMask = 2147483647;
			files = (
				A9CB4AD12481581D007AACBB /* PlatDuJourTests.swift in Sources */,
			);
			runOnlyForDeploymentPostprocessing = 0;
		};
		A9CB4AD32481581D007AACBB /* Sources */ = {
			isa = PBXSourcesBuildPhase;
			buildActionMask = 2147483647;
			files = (
				A9CB4ADC2481581D007AACBB /* PlatDuJourUITests.swift in Sources */,
			);
			runOnlyForDeploymentPostprocessing = 0;
		};
/* End PBXSourcesBuildPhase section */

/* Begin PBXTargetDependency section */
		A9CB4ACE2481581D007AACBB /* PBXTargetDependency */ = {
			isa = PBXTargetDependency;
			target = A9CB4AB524815816007AACBB /* PlatDuJour */;
			targetProxy = A9CB4ACD2481581D007AACBB /* PBXContainerItemProxy */;
		};
		A9CB4AD92481581D007AACBB /* PBXTargetDependency */ = {
			isa = PBXTargetDependency;
			target = A9CB4AB524815816007AACBB /* PlatDuJour */;
			targetProxy = A9CB4AD82481581D007AACBB /* PBXContainerItemProxy */;
		};
/* End PBXTargetDependency section */

/* Begin PBXVariantGroup section */
		A9CB4AC42481581D007AACBB /* LaunchScreen.storyboard */ = {
			isa = PBXVariantGroup;
			children = (
				A9CB4AC52481581D007AACBB /* Base */,
			);
			name = LaunchScreen.storyboard;
			sourceTree = "<group>";
		};
		A9CB4B9524818FE1007AACBB /* Main.storyboard */ = {
			isa = PBXVariantGroup;
			children = (
				A9CB4B9624818FE1007AACBB /* Base */,
			);
			name = Main.storyboard;
			sourceTree = "<group>";
		};
/* End PBXVariantGroup section */

/* Begin XCBuildConfiguration section */
		A9CB4ADE2481581D007AACBB /* Debug */ = {
			isa = XCBuildConfiguration;
			buildSettings = {
				ALWAYS_SEARCH_USER_PATHS = NO;
				CLANG_ANALYZER_NONNULL = YES;
				CLANG_ANALYZER_NUMBER_OBJECT_CONVERSION = YES_AGGRESSIVE;
				CLANG_CXX_LANGUAGE_STANDARD = "gnu++14";
				CLANG_CXX_LIBRARY = "libc++";
				CLANG_ENABLE_MODULES = YES;
				CLANG_ENABLE_OBJC_ARC = YES;
				CLANG_ENABLE_OBJC_WEAK = YES;
				CLANG_WARN_BLOCK_CAPTURE_AUTORELEASING = YES;
				CLANG_WARN_BOOL_CONVERSION = YES;
				CLANG_WARN_COMMA = YES;
				CLANG_WARN_CONSTANT_CONVERSION = YES;
				CLANG_WARN_DEPRECATED_OBJC_IMPLEMENTATIONS = YES;
				CLANG_WARN_DIRECT_OBJC_ISA_USAGE = YES_ERROR;
				CLANG_WARN_DOCUMENTATION_COMMENTS = YES;
				CLANG_WARN_EMPTY_BODY = YES;
				CLANG_WARN_ENUM_CONVERSION = YES;
				CLANG_WARN_INFINITE_RECURSION = YES;
				CLANG_WARN_INT_CONVERSION = YES;
				CLANG_WARN_NON_LITERAL_NULL_CONVERSION = YES;
				CLANG_WARN_OBJC_IMPLICIT_RETAIN_SELF = YES;
				CLANG_WARN_OBJC_LITERAL_CONVERSION = YES;
				CLANG_WARN_OBJC_ROOT_CLASS = YES_ERROR;
				CLANG_WARN_RANGE_LOOP_ANALYSIS = YES;
				CLANG_WARN_STRICT_PROTOTYPES = YES;
				CLANG_WARN_SUSPICIOUS_MOVE = YES;
				CLANG_WARN_UNGUARDED_AVAILABILITY = YES_AGGRESSIVE;
				CLANG_WARN_UNREACHABLE_CODE = YES;
				CLANG_WARN__DUPLICATE_METHOD_MATCH = YES;
				COPY_PHASE_STRIP = NO;
				DEBUG_INFORMATION_FORMAT = dwarf;
				ENABLE_STRICT_OBJC_MSGSEND = YES;
				ENABLE_TESTABILITY = YES;
				GCC_C_LANGUAGE_STANDARD = gnu11;
				GCC_DYNAMIC_NO_PIC = NO;
				GCC_NO_COMMON_BLOCKS = YES;
				GCC_OPTIMIZATION_LEVEL = 0;
				GCC_PREPROCESSOR_DEFINITIONS = (
					"DEBUG=1",
					"$(inherited)",
				);
				GCC_WARN_64_TO_32_BIT_CONVERSION = YES;
				GCC_WARN_ABOUT_RETURN_TYPE = YES_ERROR;
				GCC_WARN_UNDECLARED_SELECTOR = YES;
				GCC_WARN_UNINITIALIZED_AUTOS = YES_AGGRESSIVE;
				GCC_WARN_UNUSED_FUNCTION = YES;
				GCC_WARN_UNUSED_VARIABLE = YES;
				IPHONEOS_DEPLOYMENT_TARGET = 13.5;
				MTL_ENABLE_DEBUG_INFO = INCLUDE_SOURCE;
				MTL_FAST_MATH = YES;
				ONLY_ACTIVE_ARCH = YES;
				SDKROOT = iphoneos;
				SWIFT_ACTIVE_COMPILATION_CONDITIONS = DEBUG;
				SWIFT_OPTIMIZATION_LEVEL = "-Onone";
			};
			name = Debug;
		};
		A9CB4ADF2481581D007AACBB /* Release */ = {
			isa = XCBuildConfiguration;
			buildSettings = {
				ALWAYS_SEARCH_USER_PATHS = NO;
				CLANG_ANALYZER_NONNULL = YES;
				CLANG_ANALYZER_NUMBER_OBJECT_CONVERSION = YES_AGGRESSIVE;
				CLANG_CXX_LANGUAGE_STANDARD = "gnu++14";
				CLANG_CXX_LIBRARY = "libc++";
				CLANG_ENABLE_MODULES = YES;
				CLANG_ENABLE_OBJC_ARC = YES;
				CLANG_ENABLE_OBJC_WEAK = YES;
				CLANG_WARN_BLOCK_CAPTURE_AUTORELEASING = YES;
				CLANG_WARN_BOOL_CONVERSION = YES;
				CLANG_WARN_COMMA = YES;
				CLANG_WARN_CONSTANT_CONVERSION = YES;
				CLANG_WARN_DEPRECATED_OBJC_IMPLEMENTATIONS = YES;
				CLANG_WARN_DIRECT_OBJC_ISA_USAGE = YES_ERROR;
				CLANG_WARN_DOCUMENTATION_COMMENTS = YES;
				CLANG_WARN_EMPTY_BODY = YES;
				CLANG_WARN_ENUM_CONVERSION = YES;
				CLANG_WARN_INFINITE_RECURSION = YES;
				CLANG_WARN_INT_CONVERSION = YES;
				CLANG_WARN_NON_LITERAL_NULL_CONVERSION = YES;
				CLANG_WARN_OBJC_IMPLICIT_RETAIN_SELF = YES;
				CLANG_WARN_OBJC_LITERAL_CONVERSION = YES;
				CLANG_WARN_OBJC_ROOT_CLASS = YES_ERROR;
				CLANG_WARN_RANGE_LOOP_ANALYSIS = YES;
				CLANG_WARN_STRICT_PROTOTYPES = YES;
				CLANG_WARN_SUSPICIOUS_MOVE = YES;
				CLANG_WARN_UNGUARDED_AVAILABILITY = YES_AGGRESSIVE;
				CLANG_WARN_UNREACHABLE_CODE = YES;
				CLANG_WARN__DUPLICATE_METHOD_MATCH = YES;
				COPY_PHASE_STRIP = NO;
				DEBUG_INFORMATION_FORMAT = "dwarf-with-dsym";
				ENABLE_NS_ASSERTIONS = NO;
				ENABLE_STRICT_OBJC_MSGSEND = YES;
				GCC_C_LANGUAGE_STANDARD = gnu11;
				GCC_NO_COMMON_BLOCKS = YES;
				GCC_WARN_64_TO_32_BIT_CONVERSION = YES;
				GCC_WARN_ABOUT_RETURN_TYPE = YES_ERROR;
				GCC_WARN_UNDECLARED_SELECTOR = YES;
				GCC_WARN_UNINITIALIZED_AUTOS = YES_AGGRESSIVE;
				GCC_WARN_UNUSED_FUNCTION = YES;
				GCC_WARN_UNUSED_VARIABLE = YES;
				IPHONEOS_DEPLOYMENT_TARGET = 13.5;
				MTL_ENABLE_DEBUG_INFO = NO;
				MTL_FAST_MATH = YES;
				SDKROOT = iphoneos;
				SWIFT_COMPILATION_MODE = wholemodule;
				SWIFT_OPTIMIZATION_LEVEL = "-O";
				VALIDATE_PRODUCT = YES;
			};
			name = Release;
		};
		A9CB4AE12481581D007AACBB /* Debug */ = {
			isa = XCBuildConfiguration;
			buildSettings = {
				ASSETCATALOG_COMPILER_APPICON_NAME = AppIcon;
				CODE_SIGN_ENTITLEMENTS = PlatDuJour/PlatDuJour.entitlements;
				CODE_SIGN_STYLE = Automatic;
				DEVELOPMENT_TEAM = R8CKJFJ8PK;
				FRAMEWORK_SEARCH_PATHS = (
					"$(inherited)",
					"$(PROJECT_DIR)/PlatDuJour/Utils/GoogleSignIn",
				);
				INFOPLIST_FILE = "${SRCROOT}/PlatDuJour/info.plist";
				IPHONEOS_DEPLOYMENT_TARGET = 12.0;
				LD_RUNPATH_SEARCH_PATHS = (
					"$(inherited)",
					"@executable_path/Frameworks",
				);
				OTHER_LDFLAGS = (
					"$(OTHER_LDFLAGS)",
					"-ObjC",
				);
				PRODUCT_BUNDLE_IDENTIFIER = com.kaiman.PlatDuJour;
				PRODUCT_NAME = "$(TARGET_NAME)";
				SWIFT_VERSION = 5.0;
				TARGETED_DEVICE_FAMILY = "1,2";
			};
			name = Debug;
		};
		A9CB4AE22481581D007AACBB /* Release */ = {
			isa = XCBuildConfiguration;
			buildSettings = {
				ASSETCATALOG_COMPILER_APPICON_NAME = AppIcon;
				CODE_SIGN_ENTITLEMENTS = PlatDuJour/PlatDuJour.entitlements;
				CODE_SIGN_STYLE = Automatic;
				DEVELOPMENT_TEAM = R8CKJFJ8PK;
				FRAMEWORK_SEARCH_PATHS = (
					"$(inherited)",
					"$(PROJECT_DIR)/PlatDuJour/Utils/GoogleSignIn",
				);
				INFOPLIST_FILE = "${SRCROOT}/PlatDuJour/info.plist";
				IPHONEOS_DEPLOYMENT_TARGET = 12.0;
				LD_RUNPATH_SEARCH_PATHS = (
					"$(inherited)",
					"@executable_path/Frameworks",
				);
				OTHER_LDFLAGS = (
					"$(OTHER_LDFLAGS)",
					"-ObjC",
				);
				PRODUCT_BUNDLE_IDENTIFIER = com.kaiman.PlatDuJour;
				PRODUCT_NAME = "$(TARGET_NAME)";
				SWIFT_VERSION = 5.0;
				TARGETED_DEVICE_FAMILY = "1,2";
			};
			name = Release;
		};
		A9CB4AE42481581D007AACBB /* Debug */ = {
			isa = XCBuildConfiguration;
			buildSettings = {
				ALWAYS_EMBED_SWIFT_STANDARD_LIBRARIES = YES;
				BUNDLE_LOADER = "$(TEST_HOST)";
				CODE_SIGN_STYLE = Automatic;
				DEVELOPMENT_TEAM = R8CKJFJ8PK;
				INFOPLIST_FILE = PlatDuJourTests/Info.plist;
				IPHONEOS_DEPLOYMENT_TARGET = 13.5;
				LD_RUNPATH_SEARCH_PATHS = (
					"$(inherited)",
					"@executable_path/Frameworks",
					"@loader_path/Frameworks",
				);
				PRODUCT_BUNDLE_IDENTIFIER = com.kaiman.PlatDuJourTests;
				PRODUCT_NAME = "$(TARGET_NAME)";
				SWIFT_VERSION = 5.0;
				TARGETED_DEVICE_FAMILY = "1,2";
				TEST_HOST = "$(BUILT_PRODUCTS_DIR)/PlatDuJour.app/PlatDuJour";
			};
			name = Debug;
		};
		A9CB4AE52481581D007AACBB /* Release */ = {
			isa = XCBuildConfiguration;
			buildSettings = {
				ALWAYS_EMBED_SWIFT_STANDARD_LIBRARIES = YES;
				BUNDLE_LOADER = "$(TEST_HOST)";
				CODE_SIGN_STYLE = Automatic;
				DEVELOPMENT_TEAM = R8CKJFJ8PK;
				INFOPLIST_FILE = PlatDuJourTests/Info.plist;
				IPHONEOS_DEPLOYMENT_TARGET = 13.5;
				LD_RUNPATH_SEARCH_PATHS = (
					"$(inherited)",
					"@executable_path/Frameworks",
					"@loader_path/Frameworks",
				);
				PRODUCT_BUNDLE_IDENTIFIER = com.kaiman.PlatDuJourTests;
				PRODUCT_NAME = "$(TARGET_NAME)";
				SWIFT_VERSION = 5.0;
				TARGETED_DEVICE_FAMILY = "1,2";
				TEST_HOST = "$(BUILT_PRODUCTS_DIR)/PlatDuJour.app/PlatDuJour";
			};
			name = Release;
		};
		A9CB4AE72481581D007AACBB /* Debug */ = {
			isa = XCBuildConfiguration;
			buildSettings = {
				ALWAYS_EMBED_SWIFT_STANDARD_LIBRARIES = YES;
				CODE_SIGN_STYLE = Automatic;
				DEVELOPMENT_TEAM = R8CKJFJ8PK;
				INFOPLIST_FILE = PlatDuJourUITests/Info.plist;
				LD_RUNPATH_SEARCH_PATHS = (
					"$(inherited)",
					"@executable_path/Frameworks",
					"@loader_path/Frameworks",
				);
				PRODUCT_BUNDLE_IDENTIFIER = com.kaiman.PlatDuJourUITests;
				PRODUCT_NAME = "$(TARGET_NAME)";
				SWIFT_VERSION = 5.0;
				TARGETED_DEVICE_FAMILY = "1,2";
				TEST_TARGET_NAME = PlatDuJour;
			};
			name = Debug;
		};
		A9CB4AE82481581D007AACBB /* Release */ = {
			isa = XCBuildConfiguration;
			buildSettings = {
				ALWAYS_EMBED_SWIFT_STANDARD_LIBRARIES = YES;
				CODE_SIGN_STYLE = Automatic;
				DEVELOPMENT_TEAM = R8CKJFJ8PK;
				INFOPLIST_FILE = PlatDuJourUITests/Info.plist;
				LD_RUNPATH_SEARCH_PATHS = (
					"$(inherited)",
					"@executable_path/Frameworks",
					"@loader_path/Frameworks",
				);
				PRODUCT_BUNDLE_IDENTIFIER = com.kaiman.PlatDuJourUITests;
				PRODUCT_NAME = "$(TARGET_NAME)";
				SWIFT_VERSION = 5.0;
				TARGETED_DEVICE_FAMILY = "1,2";
				TEST_TARGET_NAME = PlatDuJour;
			};
			name = Release;
		};
/* End XCBuildConfiguration section */

/* Begin XCConfigurationList section */
		A9CB4AB124815816007AACBB /* Build configuration list for PBXProject "PlatDuJour" */ = {
			isa = XCConfigurationList;
			buildConfigurations = (
				A9CB4ADE2481581D007AACBB /* Debug */,
				A9CB4ADF2481581D007AACBB /* Release */,
			);
			defaultConfigurationIsVisible = 0;
			defaultConfigurationName = Release;
		};
		A9CB4AE02481581D007AACBB /* Build configuration list for PBXNativeTarget "PlatDuJour" */ = {
			isa = XCConfigurationList;
			buildConfigurations = (
				A9CB4AE12481581D007AACBB /* Debug */,
				A9CB4AE22481581D007AACBB /* Release */,
			);
			defaultConfigurationIsVisible = 0;
			defaultConfigurationName = Release;
		};
		A9CB4AE32481581D007AACBB /* Build configuration list for PBXNativeTarget "PlatDuJourTests" */ = {
			isa = XCConfigurationList;
			buildConfigurations = (
				A9CB4AE42481581D007AACBB /* Debug */,
				A9CB4AE52481581D007AACBB /* Release */,
			);
			defaultConfigurationIsVisible = 0;
			defaultConfigurationName = Release;
		};
		A9CB4AE62481581D007AACBB /* Build configuration list for PBXNativeTarget "PlatDuJourUITests" */ = {
			isa = XCConfigurationList;
			buildConfigurations = (
				A9CB4AE72481581D007AACBB /* Debug */,
				A9CB4AE82481581D007AACBB /* Release */,
			);
			defaultConfigurationIsVisible = 0;
			defaultConfigurationName = Release;
		};
/* End XCConfigurationList section */

/* Begin XCRemoteSwiftPackageReference section */
		A9BD9D7924868131003260CE /* XCRemoteSwiftPackageReference "Swifter" */ = {
			isa = XCRemoteSwiftPackageReference;
			repositoryURL = "https://github.com/mattdonnelly/Swifter";
			requirement = {
				kind = upToNextMajorVersion;
				minimumVersion = 2.4.0;
			};
		};
		A9BD9D7C2486831D003260CE /* XCRemoteSwiftPackageReference "SwiftyInsta" */ = {
			isa = XCRemoteSwiftPackageReference;
			repositoryURL = "https://github.com/TheM4hd1/SwiftyInsta.git";
			requirement = {
				kind = upToNextMajorVersion;
				minimumVersion = 2.3.2;
			};
		};
		A9CB4AE92481594F007AACBB /* XCRemoteSwiftPackageReference "Alamofire" */ = {
			isa = XCRemoteSwiftPackageReference;
			repositoryURL = "https://github.com/Alamofire/Alamofire.git";
			requirement = {
				kind = upToNextMajorVersion;
				minimumVersion = 5.2.1;
			};
		};
		A9CB4AEC24815980007AACBB /* XCRemoteSwiftPackageReference "AlamofireImage" */ = {
			isa = XCRemoteSwiftPackageReference;
			repositoryURL = "https://github.com/Alamofire/AlamofireImage.git";
			requirement = {
				kind = upToNextMajorVersion;
				minimumVersion = 4.1.0;
			};
		};
		A9CB4AEF248159A1007AACBB /* XCRemoteSwiftPackageReference "SnapKit" */ = {
			isa = XCRemoteSwiftPackageReference;
			repositoryURL = "https://github.com/SnapKit/SnapKit.git";
			requirement = {
				kind = upToNextMajorVersion;
				minimumVersion = 5.0.1;
			};
		};
		A9CB4AF2248159C2007AACBB /* XCRemoteSwiftPackageReference "SwiftyUserDefaults" */ = {
			isa = XCRemoteSwiftPackageReference;
			repositoryURL = "https://github.com/sunshinejr/SwiftyUserDefaults.git";
			requirement = {
				kind = upToNextMajorVersion;
				minimumVersion = 5.0.0;
			};
		};
		A9CB4AF5248159EC007AACBB /* XCRemoteSwiftPackageReference "NSAttributedStringBuilder" */ = {
			isa = XCRemoteSwiftPackageReference;
			repositoryURL = "https://github.com/ethanhuang13/NSAttributedStringBuilder.git";
			requirement = {
				kind = upToNextMajorVersion;
				minimumVersion = 0.3.3;
			};
		};
		A9CB4AF824815A99007AACBB /* XCRemoteSwiftPackageReference "PromiseKit" */ = {
			isa = XCRemoteSwiftPackageReference;
			repositoryURL = "https://github.com/mxcl/PromiseKit.git";
			requirement = {
				kind = upToNextMajorVersion;
				minimumVersion = 6.13.1;
			};
		};
		A9CB4AFB24815ABF007AACBB /* XCRemoteSwiftPackageReference "paper-onboarding" */ = {
			isa = XCRemoteSwiftPackageReference;
			repositoryURL = "https://github.com/Ramotion/paper-onboarding.git";
			requirement = {
				kind = upToNextMajorVersion;
				minimumVersion = 6.1.5;
			};
		};
		A9CB4AFE24815B5F007AACBB /* XCRemoteSwiftPackageReference "facebook-ios-sdk" */ = {
			isa = XCRemoteSwiftPackageReference;
			repositoryURL = "https://github.com/facebook/facebook-ios-sdk.git";
			requirement = {
				kind = upToNextMajorVersion;
				minimumVersion = 7.0.0;
			};
		};
		A9CB4B0524815BE4007AACBB /* XCRemoteSwiftPackageReference "KeychainAccess" */ = {
			isa = XCRemoteSwiftPackageReference;
			repositoryURL = "https://github.com/kishikawakatsumi/KeychainAccess.git";
			requirement = {
				kind = upToNextMajorVersion;
				minimumVersion = 4.2.0;
			};
		};
		A9CB4B0824815C13007AACBB /* XCRemoteSwiftPackageReference "IQKeyboardManager" */ = {
			isa = XCRemoteSwiftPackageReference;
			repositoryURL = "https://github.com/hackiftekhar/IQKeyboardManager.git";
			requirement = {
				kind = upToNextMajorVersion;
				minimumVersion = 6.5.5;
			};
		};
		A9CB4B0B24815C44007AACBB /* XCRemoteSwiftPackageReference "TTGSnackbar" */ = {
			isa = XCRemoteSwiftPackageReference;
			repositoryURL = "https://github.com/zekunyan/TTGSnackbar.git";
			requirement = {
				kind = upToNextMajorVersion;
				minimumVersion = 1.10.3;
			};
		};
		A9CB4CDE24858363007AACBB /* XCRemoteSwiftPackageReference "SwiftDate" */ = {
			isa = XCRemoteSwiftPackageReference;
			repositoryURL = "https://github.com/malcommac/SwiftDate.git";
			requirement = {
				kind = upToNextMajorVersion;
				minimumVersion = 6.1.0;
			};
		};
		A9CB4CE124867ABC007AACBB /* XCRemoteSwiftPackageReference "BulletinBoard" */ = {
			isa = XCRemoteSwiftPackageReference;
			repositoryURL = "https://github.com/alexaubry/BulletinBoard/";
			requirement = {
				branch = "feature/spm-support";
				kind = branch;
			};
		};
/* End XCRemoteSwiftPackageReference section */

/* Begin XCSwiftPackageProductDependency section */
		A9BD9D7A24868131003260CE /* Swifter */ = {
			isa = XCSwiftPackageProductDependency;
			package = A9BD9D7924868131003260CE /* XCRemoteSwiftPackageReference "Swifter" */;
			productName = Swifter;
		};
		A9BD9D7D2486831D003260CE /* SwiftyInsta */ = {
			isa = XCSwiftPackageProductDependency;
			package = A9BD9D7C2486831D003260CE /* XCRemoteSwiftPackageReference "SwiftyInsta" */;
			productName = SwiftyInsta;
		};
		A9CB4AEA2481594F007AACBB /* Alamofire */ = {
			isa = XCSwiftPackageProductDependency;
			package = A9CB4AE92481594F007AACBB /* XCRemoteSwiftPackageReference "Alamofire" */;
			productName = Alamofire;
		};
		A9CB4AED24815980007AACBB /* AlamofireImage */ = {
			isa = XCSwiftPackageProductDependency;
			package = A9CB4AEC24815980007AACBB /* XCRemoteSwiftPackageReference "AlamofireImage" */;
			productName = AlamofireImage;
		};
		A9CB4AF0248159A1007AACBB /* SnapKit */ = {
			isa = XCSwiftPackageProductDependency;
			package = A9CB4AEF248159A1007AACBB /* XCRemoteSwiftPackageReference "SnapKit" */;
			productName = SnapKit;
		};
		A9CB4AF3248159C2007AACBB /* SwiftyUserDefaults */ = {
			isa = XCSwiftPackageProductDependency;
			package = A9CB4AF2248159C2007AACBB /* XCRemoteSwiftPackageReference "SwiftyUserDefaults" */;
			productName = SwiftyUserDefaults;
		};
		A9CB4AF6248159EC007AACBB /* NSAttributedStringBuilder */ = {
			isa = XCSwiftPackageProductDependency;
			package = A9CB4AF5248159EC007AACBB /* XCRemoteSwiftPackageReference "NSAttributedStringBuilder" */;
			productName = NSAttributedStringBuilder;
		};
		A9CB4AF924815A99007AACBB /* PromiseKit */ = {
			isa = XCSwiftPackageProductDependency;
			package = A9CB4AF824815A99007AACBB /* XCRemoteSwiftPackageReference "PromiseKit" */;
			productName = PromiseKit;
		};
		A9CB4AFC24815ABF007AACBB /* PaperOnboarding */ = {
			isa = XCSwiftPackageProductDependency;
			package = A9CB4AFB24815ABF007AACBB /* XCRemoteSwiftPackageReference "paper-onboarding" */;
			productName = PaperOnboarding;
		};
		A9CB4AFF24815B5F007AACBB /* FacebookCore */ = {
			isa = XCSwiftPackageProductDependency;
			package = A9CB4AFE24815B5F007AACBB /* XCRemoteSwiftPackageReference "facebook-ios-sdk" */;
			productName = FacebookCore;
		};
		A9CB4B0124815B5F007AACBB /* FacebookLogin */ = {
			isa = XCSwiftPackageProductDependency;
			package = A9CB4AFE24815B5F007AACBB /* XCRemoteSwiftPackageReference "facebook-ios-sdk" */;
			productName = FacebookLogin;
		};
		A9CB4B0324815B5F007AACBB /* FacebookShare */ = {
			isa = XCSwiftPackageProductDependency;
			package = A9CB4AFE24815B5F007AACBB /* XCRemoteSwiftPackageReference "facebook-ios-sdk" */;
			productName = FacebookShare;
		};
		A9CB4B0624815BE4007AACBB /* KeychainAccess */ = {
			isa = XCSwiftPackageProductDependency;
			package = A9CB4B0524815BE4007AACBB /* XCRemoteSwiftPackageReference "KeychainAccess" */;
			productName = KeychainAccess;
		};
		A9CB4B0924815C13007AACBB /* IQKeyboardManagerSwift */ = {
			isa = XCSwiftPackageProductDependency;
			package = A9CB4B0824815C13007AACBB /* XCRemoteSwiftPackageReference "IQKeyboardManager" */;
			productName = IQKeyboardManagerSwift;
		};
		A9CB4B0C24815C44007AACBB /* TTGSnackbar */ = {
			isa = XCSwiftPackageProductDependency;
			package = A9CB4B0B24815C44007AACBB /* XCRemoteSwiftPackageReference "TTGSnackbar" */;
			productName = TTGSnackbar;
		};
		A9CB4CDF24858363007AACBB /* SwiftDate */ = {
			isa = XCSwiftPackageProductDependency;
			package = A9CB4CDE24858363007AACBB /* XCRemoteSwiftPackageReference "SwiftDate" */;
			productName = SwiftDate;
		};
		A9CB4CE224867ABC007AACBB /* BLTNBoard */ = {
			isa = XCSwiftPackageProductDependency;
			package = A9CB4CE124867ABC007AACBB /* XCRemoteSwiftPackageReference "BulletinBoard" */;
			productName = BLTNBoard;
		};
		A9CB4CE424867ABC007AACBB /* BLTNInterfaceBuilder */ = {
			isa = XCSwiftPackageProductDependency;
			package = A9CB4CE124867ABC007AACBB /* XCRemoteSwiftPackageReference "BulletinBoard" */;
			productName = BLTNInterfaceBuilder;
		};
		A9CB4CE624867ABC007AACBB /* BLTNModels */ = {
			isa = XCSwiftPackageProductDependency;
			package = A9CB4CE124867ABC007AACBB /* XCRemoteSwiftPackageReference "BulletinBoard" */;
			productName = BLTNModels;
		};
/* End XCSwiftPackageProductDependency section */
	};
	rootObject = A9CB4AAE24815816007AACBB /* Project object */;
}
